
Microsoft Visual Studio Solution File, Format Version 12.00
# Visual Studio Version 17
VisualStudioVersion = 17.5.002.0
MinimumVisualStudioVersion = 10.0.40219.1
Project("{9A19103F-16F7-4668-BE54-9A1E7A4F7556}") = "Exo.WebApi", "Exo.WebApi.csproj", "{D0D20D85-40AD-4392-9A29-66B13C03DA70}"
EndProject
Global
	GlobalSection(SolutionConfigurationPlatforms) = preSolution
		Debug|Any CPU = Debug|Any CPU
		Release|Any CPU = Release|Any CPU
	EndGlobalSection
	GlobalSection(ProjectConfigurationPlatforms) = postSolution
		{D0D20D85-40AD-4392-9A29-66B13C03DA70}.Debug|Any CPU.ActiveCfg = Debug|Any CPU
		{D0D20D85-40AD-4392-9A29-66B13C03DA70}.Debug|Any CPU.Build.0 = Debug|Any CPU
		{D0D20D85-40AD-4392-9A29-66B13C03DA70}.Release|Any CPU.ActiveCfg = Release|Any CPU
		{D0D20D85-40AD-4392-9A29-66B13C03DA70}.Release|Any CPU.Build.0 = Release|Any CPU
	EndGlobalSection
	GlobalSection(SolutionProperties) = preSolution
		HideSolutionNode = FALSE
	EndGlobalSection
	GlobalSection(ExtensibilityGlobals) = postSolution
		SolutionGuid = {98DE3B2D-8824-46F5-8758-491BCCD5B477}
	EndGlobalSection
EndGlobal
